PODS:
  - GoogleAds-IMA-tvOS-SDK (4.2.0)

DEPENDENCIES:
  - GoogleAds-IMA-tvOS-SDK (~> 4.2.0)

SPEC REPOS:
  trunk:
    - GoogleAds-IMA-tvOS-SDK

SPEC CHECKSUMS:
  GoogleAds-IMA-tvOS-SDK: bab6f0bd988b4cc3f4f7603e943d22818b37d41c

PODFILE CHECKSUM: 42379bea8eae48f9089316492207f4af64ee70ce

COCOAPODS: 1.8.4
